
Microsoft Visual Studio Solution File, Format Version 12.00
# Visual Studio Version 17
VisualStudioVersion = 17.0.32112.339
MinimumVisualStudioVersion = 10.0.40219.1
Project("{9A19103F-16F7-4668-BE54-9A1E7A4F7556}") = "InventoryManagerBackend", "InventoryManagerBackend\InventoryManagerBackend.csproj", "{87455885-DA99-404B-AD77-B8365785AD3C}"
EndProject
Project("{9A19103F-16F7-4668-BE54-9A1E7A4F7556}") = "DataAccess", "DataAccess\DataAccess.csproj", "{6E1BFC9B-59B7-4D0C-9489-A6765E748C88}"
EndProject
Global
	GlobalSection(SolutionConfigurationPlatforms) = preSolution
		Debug|Any CPU = Debug|Any CPU
		Release|Any CPU = Release|Any CPU
	EndGlobalSection
	GlobalSection(ProjectConfigurationPlatforms) = postSolution
		{87455885-DA99-404B-AD77-B8365785AD3C}.Debug|Any CPU.ActiveCfg = Debug|Any CPU
		{87455885-DA99-404B-AD77-B8365785AD3C}.Debug|Any CPU.Build.0 = Debug|Any CPU
		{87455885-DA99-404B-AD77-B8365785AD3C}.Release|Any CPU.ActiveCfg = Release|Any CPU
		{87455885-DA99-404B-AD77-B8365785AD3C}.Release|Any CPU.Build.0 = Release|Any CPU
		{6E1BFC9B-59B7-4D0C-9489-A6765E748C88}.Debug|Any CPU.ActiveCfg = Debug|Any CPU
		{6E1BFC9B-59B7-4D0C-9489-A6765E748C88}.Debug|Any CPU.Build.0 = Debug|Any CPU
		{6E1BFC9B-59B7-4D0C-9489-A6765E748C88}.Release|Any CPU.ActiveCfg = Release|Any CPU
		{6E1BFC9B-59B7-4D0C-9489-A6765E748C88}.Release|Any CPU.Build.0 = Release|Any CPU
	EndGlobalSection
	GlobalSection(SolutionProperties) = preSolution
		HideSolutionNode = FALSE
	EndGlobalSection
	GlobalSection(ExtensibilityGlobals) = postSolution
		SolutionGuid = {FEA270A2-A802-450D-AE64-7926F8EC9CAC}
	EndGlobalSection
EndGlobal
